
Microsoft Visual Studio Solution File, Format Version 12.00
# Visual Studio Version 16
VisualStudioVersion = 16.0.29728.190
MinimumVisualStudioVersion = 10.0.40219.1
Project("{FAE04EC0-301F-11D3-BF4B-00C04F79EFBC}") = "Primeras Lineas", "Primeras Lineas.csproj", "{F22C81A6-8679-47F9-ACCC-07C4563D2EF2}"
EndProject
Global
	GlobalSection(SolutionConfigurationPlatforms) = preSolution
		Debug|Any CPU = Debug|Any CPU
		Release|Any CPU = Release|Any CPU
	EndGlobalSection
	GlobalSection(ProjectConfigurationPlatforms) = postSolution
		{F22C81A6-8679-47F9-ACCC-07C4563D2EF2}.Debug|Any CPU.ActiveCfg = Debug|Any CPU
		{F22C81A6-8679-47F9-ACCC-07C4563D2EF2}.Debug|Any CPU.Build.0 = Debug|Any CPU
		{F22C81A6-8679-47F9-ACCC-07C4563D2EF2}.Release|Any CPU.ActiveCfg = Release|Any CPU
		{F22C81A6-8679-47F9-ACCC-07C4563D2EF2}.Release|Any CPU.Build.0 = Release|Any CPU
	EndGlobalSection
	GlobalSection(SolutionProperties) = preSolution
		HideSolutionNode = FALSE
	EndGlobalSection
	GlobalSection(ExtensibilityGlobals) = postSolution
		SolutionGuid = {6E800E9D-989C-4039-9401-A09CD5B2AB3D}
	EndGlobalSection
EndGlobal
